<?xml version="1.0" encoding="utf-8"?>
<Project ToolsVersion="4.0" xmlns="http://schemas.microsoft.com/developer/msbuild/2003">
  <ItemGroup>
    <Filter Include="Source Files">
      <UniqueIdentifier>{4FC737F1-C7A5-4376-A066-2A32D752A2FF}</UniqueIdentifier>
      <Extensions>cpp;c;cc;cxx;def;odl;idl;hpj;bat;asm;asmx</Extensions>
    </Filter>
    <Filter Include="Header Files">
      <UniqueIdentifier>{93995380-89BD-4b04-88EB-625FBE52EBFB}</UniqueIdentifier>
      <Extensions>h;hh;hpp;hxx;hm;inl;inc;ipp;xsd</Extensions>
    </Filter>
    <Filter Include="Resource Files">
      <UniqueIdentifier>{67DA6AB6-F800-4c08-8B7A-83BB121AAD01}</UniqueIdentifier>
      <Extensions>rc;ico;cur;bmp;dlg;rc2;rct;bin;rgs;gif;jpg;jpeg;jpe;resx;tiff;tif;png;wav;mfcribbon-ms</Extensions>
    </Filter>
    <Filter Include="Shaders">
      <UniqueIdentifier>{e76f01f5-08db-40d4-8720-b5b21f7ec0a3}</UniqueIdentifier>
    </Filter>
    <Filter Include="Header Files\ImGUi">
      <UniqueIdentifier>{6a97835b-0222-4511-aaaf-6ed1848827c3}</UniqueIdentifier>
    </Filter>
    <Filter Include="Source Files\ImGui">
      <UniqueIdentifier>{ef9c26e5-e154-4f4b-b2e4-a9087cf9d5fe}</UniqueIdentifier>
    </Filter>
    <Filter Include="Shaders\IBL Shaders">
      <UniqueIdentifier>{4eade361-9dfb-4b25-abbb-24aab36793b2}</UniqueIdentifier>
    </Filter>
    <Filter Include="Shaders\Particle Shaders">
      <UniqueIdentifier>{534b9404-0ba6-4353-9776-aff1980d901e}</UniqueIdentifier>
    </Filter>
    <Filter Include="Shaders\MRT Shaders">
      <UniqueIdentifier>{94afe1ff-2ad8-4a8b-8b88-9871aa4e9ec9}</UniqueIdentifier>
    </Filter>
    <Filter Include="Shaders\DepthOfField">
      <UniqueIdentifier>{c9666e56-11e1-4836-b8cb-096b3482de49}</UniqueIdentifier>
    </Filter>
  </ItemGroup>
  <ItemGroup>
    <ClCompile Include="DXCore.cpp">
      <Filter>Source Files</Filter>
    </ClCompile>
    <ClCompile Include="Game.cpp">
      <Filter>Source Files</Filter>
    </ClCompile>
    <ClCompile Include="Main.cpp">
      <Filter>Source Files</Filter>
    </ClCompile>
    <ClCompile Include="Mesh.cpp">
      <Filter>Source Files</Filter>
    </ClCompile>
    <ClCompile Include="GameEntity.cpp">
      <Filter>Source Files</Filter>
    </ClCompile>
    <ClCompile Include="Transform.cpp">
      <Filter>Source Files</Filter>
    </ClCompile>
    <ClCompile Include="Camera.cpp">
      <Filter>Source Files</Filter>
    </ClCompile>
    <ClCompile Include="SimpleShader.cpp">
      <Filter>Source Files</Filter>
    </ClCompile>
    <ClCompile Include="Material.cpp">
      <Filter>Source Files</Filter>
    </ClCompile>
    <ClCompile Include="Sky.cpp">
      <Filter>Source Files</Filter>
    </ClCompile>
    <ClCompile Include="Input.cpp">
      <Filter>Source Files</Filter>
    </ClCompile>
    <ClCompile Include="imgui.cpp">
      <Filter>Source Files\ImGui</Filter>
    </ClCompile>
    <ClCompile Include="imgui_demo.cpp">
      <Filter>Source Files\ImGui</Filter>
    </ClCompile>
    <ClCompile Include="imgui_draw.cpp">
      <Filter>Source Files\ImGui</Filter>
    </ClCompile>
    <ClCompile Include="imgui_impl_dx11.cpp">
      <Filter>Source Files\ImGui</Filter>
    </ClCompile>
    <ClCompile Include="imgui_impl_win32.cpp">
      <Filter>Source Files\ImGui</Filter>
    </ClCompile>
    <ClCompile Include="imgui_tables.cpp">
      <Filter>Source Files\ImGui</Filter>
    </ClCompile>
    <ClCompile Include="imgui_widgets.cpp">
      <Filter>Source Files\ImGui</Filter>
    </ClCompile>
    <ClCompile Include="JustinGUI.cpp">
      <Filter>Source Files</Filter>
    </ClCompile>
    <ClCompile Include="Renderer.cpp">
      <Filter>Source Files</Filter>
    </ClCompile>
    <ClCompile Include="Emitter.cpp">
      <Filter>Source Files</Filter>
    </ClCompile>
  </ItemGroup>
  <ItemGroup>
    <ClInclude Include="Vertex.h">
      <Filter>Header Files</Filter>
    </ClInclude>
    <ClInclude Include="DXCore.h">
      <Filter>Header Files</Filter>
    </ClInclude>
    <ClInclude Include="Game.h">
      <Filter>Header Files</Filter>
    </ClInclude>
    <ClInclude Include="Mesh.h">
      <Filter>Header Files</Filter>
    </ClInclude>
    <ClInclude Include="GameEntity.h">
      <Filter>Header Files</Filter>
    </ClInclude>
    <ClInclude Include="Transform.h">
      <Filter>Header Files</Filter>
    </ClInclude>
    <ClInclude Include="Camera.h">
      <Filter>Header Files</Filter>
    </ClInclude>
    <ClInclude Include="SimpleShader.h">
      <Filter>Header Files</Filter>
    </ClInclude>
    <ClInclude Include="Material.h">
      <Filter>Header Files</Filter>
    </ClInclude>
    <ClInclude Include="Lights.h">
      <Filter>Header Files</Filter>
    </ClInclude>
    <ClInclude Include="Sky.h">
      <Filter>Header Files</Filter>
    </ClInclude>
    <ClInclude Include="Input.h">
      <Filter>Header Files</Filter>
    </ClInclude>
    <ClInclude Include="imconfig.h">
      <Filter>Header Files\ImGUi</Filter>
    </ClInclude>
    <ClInclude Include="imgui.h">
      <Filter>Header Files\ImGUi</Filter>
    </ClInclude>
    <ClInclude Include="imgui_impl_dx11.h">
      <Filter>Header Files\ImGUi</Filter>
    </ClInclude>
    <ClInclude Include="imgui_impl_win32.h">
      <Filter>Header Files\ImGUi</Filter>
    </ClInclude>
    <ClInclude Include="imgui_internal.h">
      <Filter>Header Files\ImGUi</Filter>
    </ClInclude>
    <ClInclude Include="imstb_rectpack.h">
      <Filter>Header Files\ImGUi</Filter>
    </ClInclude>
    <ClInclude Include="imstb_textedit.h">
      <Filter>Header Files\ImGUi</Filter>
    </ClInclude>
    <ClInclude Include="imstb_truetype.h">
      <Filter>Header Files\ImGUi</Filter>
    </ClInclude>
    <ClInclude Include="JustinGUI.h">
      <Filter>Header Files</Filter>
    </ClInclude>
    <ClInclude Include="Renderer.h">
      <Filter>Header Files</Filter>
    </ClInclude>
    <ClInclude Include="Emitter.h">
      <Filter>Header Files</Filter>
    </ClInclude>
    <ClInclude Include="Structs.h">
      <Filter>Header Files</Filter>
    </ClInclude>
  </ItemGroup>
  <ItemGroup>
    <None Include="packages.config" />
    <None Include="Lighting.hlsli">
      <Filter>Shaders</Filter>
    </None>
  </ItemGroup>
  <ItemGroup>
    <FxCompile Include="PixelShader.hlsl">
      <Filter>Shaders</Filter>
    </FxCompile>
    <FxCompile Include="VertexShader.hlsl">
      <Filter>Shaders</Filter>
    </FxCompile>
    <FxCompile Include="PixelShaderPBR.hlsl">
      <Filter>Shaders</Filter>
    </FxCompile>
    <FxCompile Include="SkyPS.hlsl">
      <Filter>Shaders</Filter>
    </FxCompile>
    <FxCompile Include="SkyVS.hlsl">
      <Filter>Shaders</Filter>
    </FxCompile>
    <FxCompile Include="FullscreenVS.hlsl">
      <Filter>Shaders\IBL Shaders</Filter>
    </FxCompile>
    <FxCompile Include="IBLIrradianceMapPS.hlsl">
      <Filter>Shaders\IBL Shaders</Filter>
    </FxCompile>
    <FxCompile Include="IBLSpecularConvolutionPS.hlsl">
      <Filter>Shaders\IBL Shaders</Filter>
    </FxCompile>
    <FxCompile Include="IBLBrdfLookupTablePS.hlsl">
      <Filter>Shaders\IBL Shaders</Filter>
    </FxCompile>
    <FxCompile Include="ParticleVS.hlsl">
      <Filter>Shaders\Particle Shaders</Filter>
    </FxCompile>
    <FxCompile Include="ParticlePS.hlsl">
      <Filter>Shaders\Particle Shaders</Filter>
    </FxCompile>
    <FxCompile Include="MRTCompositePS.hlsl">
      <Filter>Shaders\MRT Shaders</Filter>
    </FxCompile>
    <FxCompile Include="RefractivePS.hlsl">
      <Filter>Shaders\MRT Shaders</Filter>
    </FxCompile>
    <FxCompile Include="SolidColorPS.hlsl">
      <Filter>Shaders\MRT Shaders</Filter>
    </FxCompile>
    <FxCompile Include="SimpleTexturePS.hlsl">
      <Filter>Shaders\MRT Shaders</Filter>
    </FxCompile>
    <FxCompile Include="ForegroundBackgroundSplitPS.hlsl">
      <Filter>Shaders\DepthOfField</Filter>
    </FxCompile>
    <FxCompile Include="BlurPS.hlsl">
      <Filter>Shaders\DepthOfField</Filter>
    </FxCompile>
    <FxCompile Include="RefractionCompositePS.hlsl">
      <Filter>Shaders\MRT Shaders</Filter>
    </FxCompile>
    <FxCompile Include="ChromaticAberrationPS.hlsl">
      <Filter>Shaders\MRT Shaders</Filter>
    </FxCompile>
    <FxCompile Include="UpdateParticleCS.hlsl">
      <Filter>Shaders\Particle Shaders</Filter>
    </FxCompile>
    <FxCompile Include="EmitParticleCS.hlsl">
      <Filter>Shaders\Particle Shaders</Filter>
    </FxCompile>
  </ItemGroup>
</Project>